// !$*UTF8*$!
{
	archiveVersion = 1;
	classes = {
	};
	objectVersion = 70;
	objects = {

/* Begin PBXBuildFile section */
		24237AF9DF08A65AE157B492 /* KinetixWatchApp.swift in Sources */ = {isa = PBXBuildFile; fileRef = 6EB7BACB210DA8807301FEBC /* KinetixWatchApp.swift */; };
		8C0906F9AB39DBF79523F15D /* ContentView.swift in Sources */ = {isa = PBXBuildFile; fileRef = 59A1919E19F634A123F4EDE1 /* ContentView.swift */; };
/* End PBXBuildFile section */

/* Begin PBXFileReference section */
		59A1919E19F634A123F4EDE1 /* ContentView.swift */ = {isa = PBXFileReference; lastKnownFileType = sourcecode.swift; path = ContentView.swift; sourceTree = "<group>"; };
		6EB7BACB210DA8807301FEBC /* KinetixWatchApp.swift */ = {isa = PBXFileReference; lastKnownFileType = sourcecode.swift; path = KinetixWatchApp.swift; sourceTree = "<group>"; };
		938F108DBA35FB7322DE372C /* KinetixWatch.app */ = {isa = PBXFileReference; explicitFileType = wrapper.application; includeInIndex = 0; path = KinetixWatch.app; sourceTree = BUILT_PRODUCTS_DIR; };
		AAD2450347A4522C72F2993F /* Info.plist */ = {isa = PBXFileReference; lastKnownFileType = text.plist; path = Info.plist; sourceTree = "<group>"; };
		B15F22C22EDA615600AA5E09 /* KinetixHostTests.xctest */ = {isa = PBXFileReference; explicitFileType = wrapper.cfbundle; includeInIndex = 0; path = KinetixHostTests.xctest; sourceTree = BUILT_PRODUCTS_DIR; };
		B15F22CC2EDA615600AA5E09 /* KinetixHostUITests.xctest */ = {isa = PBXFileReference; explicitFileType = wrapper.cfbundle; includeInIndex = 0; path = KinetixHostUITests.xctest; sourceTree = BUILT_PRODUCTS_DIR; };
		C9DEC93895E3171BE4D215AC /* KinetixWatch.entitlements */ = {isa = PBXFileReference; lastKnownFileType = text.plist.entitlements; path = KinetixWatch.entitlements; sourceTree = "<group>"; };
/* End PBXFileReference section */

/* Begin PBXFileSystemSynchronizedRootGroup section */
		B15F22B72EDA615400AA5E09 /* KinetixHost */ = {isa = PBXFileSystemSynchronizedRootGroup; explicitFileTypes = {}; explicitFolders = (); path = KinetixHost; sourceTree = "<group>"; };
		B15F22C52EDA615600AA5E09 /* KinetixHostTests */ = {isa = PBXFileSystemSynchronizedRootGroup; explicitFileTypes = {}; explicitFolders = (); path = KinetixHostTests; sourceTree = "<group>"; };
		B15F22CF2EDA615600AA5E09 /* KinetixHostUITests */ = {isa = PBXFileSystemSynchronizedRootGroup; explicitFileTypes = {}; explicitFolders = (); path = KinetixHostUITests; sourceTree = "<group>"; };
/* End PBXFileSystemSynchronizedRootGroup section */

/* Begin PBXFrameworksBuildPhase section */
		B15F22BF2EDA615600AA5E09 /* Frameworks */ = {
			isa = PBXFrameworksBuildPhase;
			buildActionMask = 2147483647;
			files = (
			);
			runOnlyForDeploymentPostprocessing = 0;
		};
		B15F22C92EDA615600AA5E09 /* Frameworks */ = {
			isa = PBXFrameworksBuildPhase;
			buildActionMask = 2147483647;
			files = (
			);
			runOnlyForDeploymentPostprocessing = 0;
		};
/* End PBXFrameworksBuildPhase section */

/* Begin PBXGroup section */
		263B52B5E2DDCC4D94A1584B /* KinetixWatch */ = {
			isa = PBXGroup;
			children = (
				59A1919E19F634A123F4EDE1 /* ContentView.swift */,
				AAD2450347A4522C72F2993F /* Info.plist */,
				C9DEC93895E3171BE4D215AC /* KinetixWatch.entitlements */,
				6EB7BACB210DA8807301FEBC /* KinetixWatchApp.swift */,
			);
			path = KinetixWatch;
			sourceTree = "<group>";
		};
		2FF47699315FF3F633DB3F0C = {
			isa = PBXGroup;
			children = (
				263B52B5E2DDCC4D94A1584B /* KinetixWatch */,
				B15F22B72EDA615400AA5E09 /* KinetixHost */,
				B15F22C52EDA615600AA5E09 /* KinetixHostTests */,
				B15F22CF2EDA615600AA5E09 /* KinetixHostUITests */,
				F8B7DFCB790439E712D42B90 /* Products */,
			);
			sourceTree = "<group>";
		};
		F8B7DFCB790439E712D42B90 /* Products */ = {
			isa = PBXGroup;
			children = (
				938F108DBA35FB7322DE372C /* KinetixWatch.app */,
				B15F22C22EDA615600AA5E09 /* KinetixHostTests.xctest */,
				B15F22CC2EDA615600AA5E09 /* KinetixHostUITests.xctest */,
			);
			name = Products;
			sourceTree = "<group>";
		};
/* End PBXGroup section */

/* Begin PBXNativeTarget section */
		42B3645BC2638DE55F8DB975 /* KinetixWatch */ = {
			isa = PBXNativeTarget;
			buildConfigurationList = 774E828AF8A60560081F7D1E /* Build configuration list for PBXNativeTarget "KinetixWatch" */;
			buildPhases = (
				50BC36C0E65510CAAC2F0B66 /* Sources */,
			);
			buildRules = (
			);
			dependencies = (
			);
			name = KinetixWatch;
			packageProductDependencies = (
			);
			productName = KinetixWatch;
			productReference = 938F108DBA35FB7322DE372C /* KinetixWatch.app */;
			productType = "com.apple.product-type.application";
		};
		B15F22C12EDA615600AA5E09 /* KinetixHostTests */ = {
			isa = PBXNativeTarget;
			buildConfigurationList = B15F22D72EDA615600AA5E09 /* Build configuration list for PBXNativeTarget "KinetixHostTests" */;
			buildPhases = (
				B15F22BE2EDA615600AA5E09 /* Sources */,
				B15F22BF2EDA615600AA5E09 /* Frameworks */,
				B15F22C02EDA615600AA5E09 /* Resources */,
			);
			buildRules = (
			);
			dependencies = (
			);
			fileSystemSynchronizedGroups = (
				B15F22C52EDA615600AA5E09 /* KinetixHostTests */,
			);
			name = KinetixHostTests;
			packageProductDependencies = (
			);
			productName = KinetixHostTests;
			productReference = B15F22C22EDA615600AA5E09 /* KinetixHostTests.xctest */;
			productType = "com.apple.product-type.bundle.unit-test";
		};
		B15F22CB2EDA615600AA5E09 /* KinetixHostUITests */ = {
			isa = PBXNativeTarget;
			buildConfigurationList = B15F22DA2EDA615600AA5E09 /* Build configuration list for PBXNativeTarget "KinetixHostUITests" */;
			buildPhases = (
				B15F22C82EDA615600AA5E09 /* Sources */,
				B15F22C92EDA615600AA5E09 /* Frameworks */,
				B15F22CA2EDA615600AA5E09 /* Resources */,
			);
			buildRules = (
			);
			dependencies = (
			);
			fileSystemSynchronizedGroups = (
				B15F22CF2EDA615600AA5E09 /* KinetixHostUITests */,
			);
			name = KinetixHostUITests;
			packageProductDependencies = (
			);
			productName = KinetixHostUITests;
			productReference = B15F22CC2EDA615600AA5E09 /* KinetixHostUITests.xctest */;
			productType = "com.apple.product-type.bundle.ui-testing";
		};
/* End PBXNativeTarget section */

/* Begin PBXProject section */
		25C759F49059770DA135F04B /* Project object */ = {
			isa = PBXProject;
			attributes = {
				BuildIndependentTargetsInParallel = YES;
				LastSwiftUpdateCheck = 2610;
				LastUpgradeCheck = 1500;
				TargetAttributes = {
					B15F22C12EDA615600AA5E09 = {
						CreatedOnToolsVersion = 26.1.1;
						TestTargetID = B15F22B52EDA615400AA5E09;
					};
					B15F22CB2EDA615600AA5E09 = {
						CreatedOnToolsVersion = 26.1.1;
						TestTargetID = B15F22B52EDA615400AA5E09;
					};
				};
			};
			buildConfigurationList = 399FEC40E683499CC85ECB38 /* Build configuration list for PBXProject "KinetixWatch" */;
			compatibilityVersion = "Xcode 14.0";
			developmentRegion = en;
			hasScannedForEncodings = 0;
			knownRegions = (
				Base,
				en,
			);
			mainGroup = 2FF47699315FF3F633DB3F0C;
			minimizedProjectReferenceProxies = 1;
			projectDirPath = "";
			projectRoot = "";
			targets = (
				42B3645BC2638DE55F8DB975 /* KinetixWatch */,
				B15F22C12EDA615600AA5E09 /* KinetixHostTests */,
				B15F22CB2EDA615600AA5E09 /* KinetixHostUITests */,
			);
		};
/* End PBXProject section */

/* Begin PBXResourcesBuildPhase section */
		B15F22C02EDA615600AA5E09 /* Resources */ = {
			isa = PBXResourcesBuildPhase;
			buildActionMask = 2147483647;
			files = (
			);
			runOnlyForDeploymentPostprocessing = 0;
		};
		B15F22CA2EDA615600AA5E09 /* Resources */ = {
			isa = PBXResourcesBuildPhase;
			buildActionMask = 2147483647;
			files = (
			);
			runOnlyForDeploymentPostprocessing = 0;
		};
/* End PBXResourcesBuildPhase section */

/* Begin PBXSourcesBuildPhase section */
		50BC36C0E65510CAAC2F0B66 /* Sources */ = {
			isa = PBXSourcesBuildPhase;
			buildActionMask = 2147483647;
			files = (
				8C0906F9AB39DBF79523F15D /* ContentView.swift in Sources */,
				24237AF9DF08A65AE157B492 /* KinetixWatchApp.swift in Sources */,
			);
			runOnlyForDeploymentPostprocessing = 0;
		};
		B15F22BE2EDA615600AA5E09 /* Sources */ = {
			isa = PBXSourcesBuildPhase;
			buildActionMask = 2147483647;
			files = (
			);
			runOnlyForDeploymentPostprocessing = 0;
		};
		B15F22C82EDA615600AA5E09 /* Sources */ = {
			isa = PBXSourcesBuildPhase;
			buildActionMask = 2147483647;
			files = (
			);
			runOnlyForDeploymentPostprocessing = 0;
		};
/* End PBXSourcesBuildPhase section */

/* Begin XCBuildConfiguration section */
		3007B9F4BE1F137B083497B4 /* Debug */ = {
			isa = XCBuildConfiguration;
			buildSettings = {
				ASSETCATALOG_COMPILER_APPICON_NAME = AppIcon;
				ASSETCATALOG_COMPILER_INCLUDE_ALL_APPICON_ASSETS = NO;
				CODE_SIGN_CONTEXT_CLASS = XCWatchOSCodeSignContext;
				CODE_SIGN_ENTITLEMENTS = KinetixWatch/KinetixWatch.entitlements;
				DEVELOPMENT_TEAM = AWJBX83Y4X;
				INFOPLIST_FILE = KinetixWatch/Info.plist;
				PRODUCT_BUNDLE_IDENTIFIER = com.patrickduchesneau.KinetixWatchOS;
				SDKROOT = watchos;
				SKIP_INSTALL = YES;
				SUPPORTED_PLATFORMS = watchos;
				SWIFT_VERSION = 5.0;
				TARGETED_DEVICE_FAMILY = 4;
				WATCHOS_DEPLOYMENT_TARGET = 11.0;
			};
			name = Debug;
		};
		A6CB2F187A8EA2EFF810C7F8 /* Release */ = {
			isa = XCBuildConfiguration;
			buildSettings = {
				ALWAYS_SEARCH_USER_PATHS = NO;
				CLANG_ANALYZER_NONNULL = YES;
				CLANG_ANALYZER_NUMBER_OBJECT_CONVERSION = YES_AGGRESSIVE;
				CLANG_CXX_LANGUAGE_STANDARD = "gnu++14";
				CLANG_CXX_LIBRARY = "libc++";
				CLANG_ENABLE_MODULES = YES;
				CLANG_ENABLE_OBJC_ARC = YES;
				CLANG_ENABLE_OBJC_WEAK = YES;
				CLANG_WARN_BLOCK_CAPTURE_AUTORELEASING = YES;
				CLANG_WARN_BOOL_CONVERSION = YES;
				CLANG_WARN_COMMA = YES;
				CLANG_WARN_CONSTANT_CONVERSION = YES;
				CLANG_WARN_DEPRECATED_OBJC_IMPLEMENTATIONS = YES;
				CLANG_WARN_DIRECT_OBJC_ISA_USAGE = YES_ERROR;
				CLANG_WARN_DOCUMENTATION_COMMENTS = YES;
				CLANG_WARN_EMPTY_BODY = YES;
				CLANG_WARN_ENUM_CONVERSION = YES;
				CLANG_WARN_INFINITE_RECURSION = YES;
				CLANG_WARN_INT_CONVERSION = YES;
				CLANG_WARN_NON_LITERAL_NULL_CONVERSION = YES;
				CLANG_WARN_OBJC_IMPLICIT_RETAIN_SELF = YES;
				CLANG_WARN_OBJC_LITERAL_CONVERSION = YES;
				CLANG_WARN_OBJC_ROOT_CLASS = YES_ERROR;
				CLANG_WARN_QUOTED_INCLUDE_IN_FRAMEWORK_HEADER = YES;
				CLANG_WARN_RANGE_LOOP_ANALYSIS = YES;
				CLANG_WARN_STRICT_PROTOTYPES = YES;
				CLANG_WARN_SUSPICIOUS_MOVE = YES;
				CLANG_WARN_UNGUARDED_AVAILABILITY = YES_AGGRESSIVE;
				CLANG_WARN_UNREACHABLE_CODE = YES;
				CLANG_WARN__DUPLICATE_METHOD_MATCH = YES;
				COPY_PHASE_STRIP = NO;
				DEBUG_INFORMATION_FORMAT = "dwarf-with-dsym";
				ENABLE_NS_ASSERTIONS = NO;
				ENABLE_STRICT_OBJC_MSGSEND = YES;
				GCC_C_LANGUAGE_STANDARD = gnu11;
				GCC_NO_COMMON_BLOCKS = YES;
				GCC_WARN_64_TO_32_BIT_CONVERSION = YES;
				GCC_WARN_ABOUT_RETURN_TYPE = YES_ERROR;
				GCC_WARN_UNDECLARED_SELECTOR = YES;
				GCC_WARN_UNINITIALIZED_AUTOS = YES_AGGRESSIVE;
				GCC_WARN_UNUSED_FUNCTION = YES;
				GCC_WARN_UNUSED_VARIABLE = YES;
				MTL_ENABLE_DEBUG_INFO = NO;
				MTL_FAST_MATH = YES;
				PRODUCT_NAME = "$(TARGET_NAME)";
				SDKROOT = watchos;
				SWIFT_COMPILATION_MODE = wholemodule;
				SWIFT_OPTIMIZATION_LEVEL = "-O";
				SWIFT_VERSION = 5.0;
				WATCHOS_DEPLOYMENT_TARGET = 11.0;
			};
			name = Release;
		};
		B15F22D82EDA615600AA5E09 /* Debug */ = {
			isa = XCBuildConfiguration;
			buildSettings = {
				ASSETCATALOG_COMPILER_GENERATE_SWIFT_ASSET_SYMBOL_EXTENSIONS = YES;
				BUNDLE_LOADER = "$(TEST_HOST)";
				CLANG_CXX_LANGUAGE_STANDARD = "gnu++20";
				CODE_SIGN_STYLE = Automatic;
				CURRENT_PROJECT_VERSION = 1;
				ENABLE_USER_SCRIPT_SANDBOXING = YES;
				GCC_C_LANGUAGE_STANDARD = gnu17;
				GCC_PREPROCESSOR_DEFINITIONS = (
					"DEBUG=1",
					"$(inherited)",
				);
				GENERATE_INFOPLIST_FILE = YES;
				IPHONEOS_DEPLOYMENT_TARGET = 26.1;
				LOCALIZATION_PREFERS_STRING_CATALOGS = YES;
				MARKETING_VERSION = 1.0;
				PRODUCT_BUNDLE_IDENTIFIER = bookiji.KinetixHostTests;
				PRODUCT_NAME = "$(TARGET_NAME)";
				SDKROOT = iphoneos;
				STRING_CATALOG_GENERATE_SYMBOLS = NO;
				SWIFT_ACTIVE_COMPILATION_CONDITIONS = "DEBUG $(inherited)";
				SWIFT_APPROACHABLE_CONCURRENCY = YES;
				SWIFT_EMIT_LOC_STRINGS = NO;
				SWIFT_UPCOMING_FEATURE_MEMBER_IMPORT_VISIBILITY = YES;
				SWIFT_VERSION = 5.0;
				TARGETED_DEVICE_FAMILY = "1,2";
				TEST_HOST = "$(BUILT_PRODUCTS_DIR)/KinetixHost.app/$(BUNDLE_EXECUTABLE_FOLDER_PATH)/KinetixHost";
			};
			name = Debug;
		};
		B15F22D92EDA615600AA5E09 /* Release */ = {
			isa = XCBuildConfiguration;
			buildSettings = {
				ASSETCATALOG_COMPILER_GENERATE_SWIFT_ASSET_SYMBOL_EXTENSIONS = YES;
				BUNDLE_LOADER = "$(TEST_HOST)";
				CLANG_CXX_LANGUAGE_STANDARD = "gnu++20";
				CODE_SIGN_STYLE = Automatic;
				CURRENT_PROJECT_VERSION = 1;
				ENABLE_USER_SCRIPT_SANDBOXING = YES;
				GCC_C_LANGUAGE_STANDARD = gnu17;
				GENERATE_INFOPLIST_FILE = YES;
				IPHONEOS_DEPLOYMENT_TARGET = 26.1;
				LOCALIZATION_PREFERS_STRING_CATALOGS = YES;
				MARKETING_VERSION = 1.0;
				PRODUCT_BUNDLE_IDENTIFIER = bookiji.KinetixHostTests;
				PRODUCT_NAME = "$(TARGET_NAME)";
				SDKROOT = iphoneos;
				STRING_CATALOG_GENERATE_SYMBOLS = NO;
				SWIFT_APPROACHABLE_CONCURRENCY = YES;
				SWIFT_EMIT_LOC_STRINGS = NO;
				SWIFT_UPCOMING_FEATURE_MEMBER_IMPORT_VISIBILITY = YES;
				SWIFT_VERSION = 5.0;
				TARGETED_DEVICE_FAMILY = "1,2";
				TEST_HOST = "$(BUILT_PRODUCTS_DIR)/KinetixHost.app/$(BUNDLE_EXECUTABLE_FOLDER_PATH)/KinetixHost";
				VALIDATE_PRODUCT = YES;
			};
			name = Release;
		};
		B15F22DB2EDA615600AA5E09 /* Debug */ = {
			isa = XCBuildConfiguration;
			buildSettings = {
				ASSETCATALOG_COMPILER_GENERATE_SWIFT_ASSET_SYMBOL_EXTENSIONS = YES;
				CLANG_CXX_LANGUAGE_STANDARD = "gnu++20";
				CODE_SIGN_STYLE = Automatic;
				CURRENT_PROJECT_VERSION = 1;
				ENABLE_USER_SCRIPT_SANDBOXING = YES;
				GCC_C_LANGUAGE_STANDARD = gnu17;
				GCC_PREPROCESSOR_DEFINITIONS = (
					"DEBUG=1",
					"$(inherited)",
				);
				GENERATE_INFOPLIST_FILE = YES;
				IPHONEOS_DEPLOYMENT_TARGET = 26.1;
				LOCALIZATION_PREFERS_STRING_CATALOGS = YES;
				MARKETING_VERSION = 1.0;
				PRODUCT_BUNDLE_IDENTIFIER = bookiji.KinetixHostUITests;
				PRODUCT_NAME = "$(TARGET_NAME)";
				SDKROOT = iphoneos;
				STRING_CATALOG_GENERATE_SYMBOLS = NO;
				SWIFT_ACTIVE_COMPILATION_CONDITIONS = "DEBUG $(inherited)";
				SWIFT_APPROACHABLE_CONCURRENCY = YES;
				SWIFT_EMIT_LOC_STRINGS = NO;
				SWIFT_UPCOMING_FEATURE_MEMBER_IMPORT_VISIBILITY = YES;
				SWIFT_VERSION = 5.0;
				TARGETED_DEVICE_FAMILY = "1,2";
				TEST_TARGET_NAME = KinetixHost;
			};
			name = Debug;
		};
		B15F22DC2EDA615600AA5E09 /* Release */ = {
			isa = XCBuildConfiguration;
			buildSettings = {
				ASSETCATALOG_COMPILER_GENERATE_SWIFT_ASSET_SYMBOL_EXTENSIONS = YES;
				CLANG_CXX_LANGUAGE_STANDARD = "gnu++20";
				CODE_SIGN_STYLE = Automatic;
				CURRENT_PROJECT_VERSION = 1;
				ENABLE_USER_SCRIPT_SANDBOXING = YES;
				GCC_C_LANGUAGE_STANDARD = gnu17;
				GENERATE_INFOPLIST_FILE = YES;
				IPHONEOS_DEPLOYMENT_TARGET = 26.1;
				LOCALIZATION_PREFERS_STRING_CATALOGS = YES;
				MARKETING_VERSION = 1.0;
				PRODUCT_BUNDLE_IDENTIFIER = bookiji.KinetixHostUITests;
				PRODUCT_NAME = "$(TARGET_NAME)";
				SDKROOT = iphoneos;
				STRING_CATALOG_GENERATE_SYMBOLS = NO;
				SWIFT_APPROACHABLE_CONCURRENCY = YES;
				SWIFT_EMIT_LOC_STRINGS = NO;
				SWIFT_UPCOMING_FEATURE_MEMBER_IMPORT_VISIBILITY = YES;
				SWIFT_VERSION = 5.0;
				TARGETED_DEVICE_FAMILY = "1,2";
				TEST_TARGET_NAME = KinetixHost;
				VALIDATE_PRODUCT = YES;
			};
			name = Release;
		};
		B3678879FE56E42E8822704D /* Debug */ = {
			isa = XCBuildConfiguration;
			buildSettings = {
				ALWAYS_SEARCH_USER_PATHS = NO;
				CLANG_ANALYZER_NONNULL = YES;
				CLANG_ANALYZER_NUMBER_OBJECT_CONVERSION = YES_AGGRESSIVE;
				CLANG_CXX_LANGUAGE_STANDARD = "gnu++14";
				CLANG_CXX_LIBRARY = "libc++";
				CLANG_ENABLE_MODULES = YES;
				CLANG_ENABLE_OBJC_ARC = YES;
				CLANG_ENABLE_OBJC_WEAK = YES;
				CLANG_WARN_BLOCK_CAPTURE_AUTORELEASING = YES;
				CLANG_WARN_BOOL_CONVERSION = YES;
				CLANG_WARN_COMMA = YES;
				CLANG_WARN_CONSTANT_CONVERSION = YES;
				CLANG_WARN_DEPRECATED_OBJC_IMPLEMENTATIONS = YES;
				CLANG_WARN_DIRECT_OBJC_ISA_USAGE = YES_ERROR;
				CLANG_WARN_DOCUMENTATION_COMMENTS = YES;
				CLANG_WARN_EMPTY_BODY = YES;
				CLANG_WARN_ENUM_CONVERSION = YES;
				CLANG_WARN_INFINITE_RECURSION = YES;
				CLANG_WARN_INT_CONVERSION = YES;
				CLANG_WARN_NON_LITERAL_NULL_CONVERSION = YES;
				CLANG_WARN_OBJC_IMPLICIT_RETAIN_SELF = YES;
				CLANG_WARN_OBJC_LITERAL_CONVERSION = YES;
				CLANG_WARN_OBJC_ROOT_CLASS = YES_ERROR;
				CLANG_WARN_QUOTED_INCLUDE_IN_FRAMEWORK_HEADER = YES;
				CLANG_WARN_RANGE_LOOP_ANALYSIS = YES;
				CLANG_WARN_STRICT_PROTOTYPES = YES;
				CLANG_WARN_SUSPICIOUS_MOVE = YES;
				CLANG_WARN_UNGUARDED_AVAILABILITY = YES_AGGRESSIVE;
				CLANG_WARN_UNREACHABLE_CODE = YES;
				CLANG_WARN__DUPLICATE_METHOD_MATCH = YES;
				COPY_PHASE_STRIP = NO;
				DEBUG_INFORMATION_FORMAT = dwarf;
				ENABLE_STRICT_OBJC_MSGSEND = YES;
				ENABLE_TESTABILITY = YES;
				GCC_C_LANGUAGE_STANDARD = gnu11;
				GCC_DYNAMIC_NO_PIC = NO;
				GCC_NO_COMMON_BLOCKS = YES;
				GCC_OPTIMIZATION_LEVEL = 0;
				GCC_PREPROCESSOR_DEFINITIONS = (
					"$(inherited)",
					"DEBUG=1",
				);
				GCC_WARN_64_TO_32_BIT_CONVERSION = YES;
				GCC_WARN_ABOUT_RETURN_TYPE = YES_ERROR;
				GCC_WARN_UNDECLARED_SELECTOR = YES;
				GCC_WARN_UNINITIALIZED_AUTOS = YES_AGGRESSIVE;
				GCC_WARN_UNUSED_FUNCTION = YES;
				GCC_WARN_UNUSED_VARIABLE = YES;
				MTL_ENABLE_DEBUG_INFO = INCLUDE_SOURCE;
				MTL_FAST_MATH = YES;
				ONLY_ACTIVE_ARCH = YES;
				PRODUCT_NAME = "$(TARGET_NAME)";
				SDKROOT = watchos;
				SWIFT_ACTIVE_COMPILATION_CONDITIONS = DEBUG;
				SWIFT_OPTIMIZATION_LEVEL = "-Onone";
				SWIFT_VERSION = 5.0;
				WATCHOS_DEPLOYMENT_TARGET = 11.0;
			};
			name = Debug;
		};
		C13140A243B98191D7A41071 /* Release */ = {
			isa = XCBuildConfiguration;
			buildSettings = {
				ASSETCATALOG_COMPILER_APPICON_NAME = AppIcon;
				ASSETCATALOG_COMPILER_INCLUDE_ALL_APPICON_ASSETS = NO;
				CODE_SIGN_CONTEXT_CLASS = XCWatchOSCodeSignContext;
				CODE_SIGN_ENTITLEMENTS = KinetixWatch/KinetixWatch.entitlements;
				DEVELOPMENT_TEAM = AWJBX83Y4X;
				INFOPLIST_FILE = KinetixWatch/Info.plist;
				PRODUCT_BUNDLE_IDENTIFIER = com.patrickduchesneau.KinetixWatchOS;
				SDKROOT = watchos;
				SKIP_INSTALL = YES;
				SUPPORTED_PLATFORMS = watchos;
				SWIFT_VERSION = 5.0;
				TARGETED_DEVICE_FAMILY = 4;
				WATCHOS_DEPLOYMENT_TARGET = 11.0;
			};
			name = Release;
		};
/* End XCBuildConfiguration section */

/* Begin XCConfigurationList section */
		399FEC40E683499CC85ECB38 /* Build configuration list for PBXProject "KinetixWatch" */ = {
			isa = XCConfigurationList;
			buildConfigurations = (
				B3678879FE56E42E8822704D /* Debug */,
				A6CB2F187A8EA2EFF810C7F8 /* Release */,
			);
			defaultConfigurationIsVisible = 0;
			defaultConfigurationName = Debug;
		};
		774E828AF8A60560081F7D1E /* Build configuration list for PBXNativeTarget "KinetixWatch" */ = {
			isa = XCConfigurationList;
			buildConfigurations = (
				3007B9F4BE1F137B083497B4 /* Debug */,
				C13140A243B98191D7A41071 /* Release */,
			);
			defaultConfigurationIsVisible = 0;
			defaultConfigurationName = Debug;
		};
		B15F22D72EDA615600AA5E09 /* Build configuration list for PBXNativeTarget "KinetixHostTests" */ = {
			isa = XCConfigurationList;
			buildConfigurations = (
				B15F22D82EDA615600AA5E09 /* Debug */,
				B15F22D92EDA615600AA5E09 /* Release */,
			);
			defaultConfigurationIsVisible = 0;
			defaultConfigurationName = Debug;
		};
		B15F22DA2EDA615600AA5E09 /* Build configuration list for PBXNativeTarget "KinetixHostUITests" */ = {
			isa = XCConfigurationList;
			buildConfigurations = (
				B15F22DB2EDA615600AA5E09 /* Debug */,
				B15F22DC2EDA615600AA5E09 /* Release */,
			);
			defaultConfigurationIsVisible = 0;
			defaultConfigurationName = Debug;
		};
/* End XCConfigurationList section */
	};
	rootObject = 25C759F49059770DA135F04B /* Project object */;
}
